
Microsoft Visual Studio Solution File, Format Version 12.00
# Visual Studio Version 16
VisualStudioVersion = 16.0.31729.503
MinimumVisualStudioVersion = 10.0.40219.1
Project("{FAE04EC0-301F-11D3-BF4B-00C04F79EFBC}") = "Heranca_3", "Heranca_3\Heranca_3.csproj", "{5D12F5B1-CD7C-4CF3-81AB-CFB484329BD6}"
EndProject
Global
	GlobalSection(SolutionConfigurationPlatforms) = preSolution
		Debug|Any CPU = Debug|Any CPU
		Release|Any CPU = Release|Any CPU
	EndGlobalSection
	GlobalSection(ProjectConfigurationPlatforms) = postSolution
		{5D12F5B1-CD7C-4CF3-81AB-CFB484329BD6}.Debug|Any CPU.ActiveCfg = Debug|Any CPU
		{5D12F5B1-CD7C-4CF3-81AB-CFB484329BD6}.Debug|Any CPU.Build.0 = Debug|Any CPU
		{5D12F5B1-CD7C-4CF3-81AB-CFB484329BD6}.Release|Any CPU.ActiveCfg = Release|Any CPU
		{5D12F5B1-CD7C-4CF3-81AB-CFB484329BD6}.Release|Any CPU.Build.0 = Release|Any CPU
	EndGlobalSection
	GlobalSection(SolutionProperties) = preSolution
		HideSolutionNode = FALSE
	EndGlobalSection
	GlobalSection(ExtensibilityGlobals) = postSolution
		SolutionGuid = {E4EC6977-5E5D-4AB6-A0D3-F0E68BD95BEA}
	EndGlobalSection
EndGlobal
