
Microsoft Visual Studio Solution File, Format Version 12.00
# Visual Studio Version 16
VisualStudioVersion = 16.0.31729.503
MinimumVisualStudioVersion = 10.0.40219.1
Project("{FAE04EC0-301F-11D3-BF4B-00C04F79EFBC}") = "Composicao_3", "Composicao_3\Composicao_3.csproj", "{1FD5CA33-B320-4645-94D2-1017B7947282}"
EndProject
Global
	GlobalSection(SolutionConfigurationPlatforms) = preSolution
		Debug|Any CPU = Debug|Any CPU
		Release|Any CPU = Release|Any CPU
	EndGlobalSection
	GlobalSection(ProjectConfigurationPlatforms) = postSolution
		{1FD5CA33-B320-4645-94D2-1017B7947282}.Debug|Any CPU.ActiveCfg = Debug|Any CPU
		{1FD5CA33-B320-4645-94D2-1017B7947282}.Debug|Any CPU.Build.0 = Debug|Any CPU
		{1FD5CA33-B320-4645-94D2-1017B7947282}.Release|Any CPU.ActiveCfg = Release|Any CPU
		{1FD5CA33-B320-4645-94D2-1017B7947282}.Release|Any CPU.Build.0 = Release|Any CPU
	EndGlobalSection
	GlobalSection(SolutionProperties) = preSolution
		HideSolutionNode = FALSE
	EndGlobalSection
	GlobalSection(ExtensibilityGlobals) = postSolution
		SolutionGuid = {A20314CD-351D-43FA-A798-C03055FCD418}
	EndGlobalSection
EndGlobal
