
Microsoft Visual Studio Solution File, Format Version 12.00
# Visual Studio Version 16
VisualStudioVersion = 16.0.31729.503
MinimumVisualStudioVersion = 10.0.40219.1
Project("{FAE04EC0-301F-11D3-BF4B-00C04F79EFBC}") = "Composicao_1", "Composicao_1\Composicao_1.csproj", "{47E15F66-84E0-42D9-B9BE-F2FA6A31792F}"
EndProject
Global
	GlobalSection(SolutionConfigurationPlatforms) = preSolution
		Debug|Any CPU = Debug|Any CPU
		Release|Any CPU = Release|Any CPU
	EndGlobalSection
	GlobalSection(ProjectConfigurationPlatforms) = postSolution
		{47E15F66-84E0-42D9-B9BE-F2FA6A31792F}.Debug|Any CPU.ActiveCfg = Debug|Any CPU
		{47E15F66-84E0-42D9-B9BE-F2FA6A31792F}.Debug|Any CPU.Build.0 = Debug|Any CPU
		{47E15F66-84E0-42D9-B9BE-F2FA6A31792F}.Release|Any CPU.ActiveCfg = Release|Any CPU
		{47E15F66-84E0-42D9-B9BE-F2FA6A31792F}.Release|Any CPU.Build.0 = Release|Any CPU
	EndGlobalSection
	GlobalSection(SolutionProperties) = preSolution
		HideSolutionNode = FALSE
	EndGlobalSection
	GlobalSection(ExtensibilityGlobals) = postSolution
		SolutionGuid = {3047FCC5-2C5D-4C1A-9860-1BE00F07423A}
	EndGlobalSection
EndGlobal
