
Microsoft Visual Studio Solution File, Format Version 12.00
# Visual Studio Version 16
VisualStudioVersion = 16.0.31729.503
MinimumVisualStudioVersion = 10.0.40219.1
Project("{FAE04EC0-301F-11D3-BF4B-00C04F79EFBC}") = "Matriz1", "Matriz1\Matriz1.csproj", "{CA448661-6A4A-41E1-A391-0FCF7C19DE51}"
EndProject
Global
	GlobalSection(SolutionConfigurationPlatforms) = preSolution
		Debug|Any CPU = Debug|Any CPU
		Release|Any CPU = Release|Any CPU
	EndGlobalSection
	GlobalSection(ProjectConfigurationPlatforms) = postSolution
		{CA448661-6A4A-41E1-A391-0FCF7C19DE51}.Debug|Any CPU.ActiveCfg = Debug|Any CPU
		{CA448661-6A4A-41E1-A391-0FCF7C19DE51}.Debug|Any CPU.Build.0 = Debug|Any CPU
		{CA448661-6A4A-41E1-A391-0FCF7C19DE51}.Release|Any CPU.ActiveCfg = Release|Any CPU
		{CA448661-6A4A-41E1-A391-0FCF7C19DE51}.Release|Any CPU.Build.0 = Release|Any CPU
	EndGlobalSection
	GlobalSection(SolutionProperties) = preSolution
		HideSolutionNode = FALSE
	EndGlobalSection
	GlobalSection(ExtensibilityGlobals) = postSolution
		SolutionGuid = {C9C200BD-2161-48B9-9FF8-86FE1563616A}
	EndGlobalSection
EndGlobal
