
Microsoft Visual Studio Solution File, Format Version 12.00
# Visual Studio Version 16
VisualStudioVersion = 16.0.31729.503
MinimumVisualStudioVersion = 10.0.40219.1
Project("{FAE04EC0-301F-11D3-BF4B-00C04F79EFBC}") = "Linq_2", "Linq_2\Linq_2.csproj", "{D0966674-3BF1-46D3-86E4-326F662E981D}"
EndProject
Global
	GlobalSection(SolutionConfigurationPlatforms) = preSolution
		Debug|Any CPU = Debug|Any CPU
		Release|Any CPU = Release|Any CPU
	EndGlobalSection
	GlobalSection(ProjectConfigurationPlatforms) = postSolution
		{D0966674-3BF1-46D3-86E4-326F662E981D}.Debug|Any CPU.ActiveCfg = Debug|Any CPU
		{D0966674-3BF1-46D3-86E4-326F662E981D}.Debug|Any CPU.Build.0 = Debug|Any CPU
		{D0966674-3BF1-46D3-86E4-326F662E981D}.Release|Any CPU.ActiveCfg = Release|Any CPU
		{D0966674-3BF1-46D3-86E4-326F662E981D}.Release|Any CPU.Build.0 = Release|Any CPU
	EndGlobalSection
	GlobalSection(SolutionProperties) = preSolution
		HideSolutionNode = FALSE
	EndGlobalSection
	GlobalSection(ExtensibilityGlobals) = postSolution
		SolutionGuid = {509FBDE3-90EE-4606-931A-90B930D0F25D}
	EndGlobalSection
EndGlobal
